Microsoft Visual Studio Solution File, Format Version 11.00
# Visual Studio 2008

Project("{48F5CC4F-2107-DF17-BBDF-3F4A118ECCF4}") = "SerialTest1_SeniorDesign", "Assembly-CSharp.csproj", "{22183570-E009-4D14-F303-0B19F102A403}"
EndProject
Global
	GlobalSection(SolutionConfigurationPlatforms) = preSolution
		Debug|Any CPU = Debug|Any CPU
		Release|Any CPU = Release|Any CPU
	EndGlobalSection
	GlobalSection(ProjectConfigurationPlatforms) = postSolution
		{22183570-E009-4D14-F303-0B19F102A403}.Debug|Any CPU.ActiveCfg = Debug|Any CPU
		{22183570-E009-4D14-F303-0B19F102A403}.Debug|Any CPU.Build.0 = Debug|Any CPU
		{22183570-E009-4D14-F303-0B19F102A403}.Release|Any CPU.ActiveCfg = Release|Any CPU
		{22183570-E009-4D14-F303-0B19F102A403}.Release|Any CPU.Build.0 = Release|Any CPU
	EndGlobalSection
	GlobalSection(SolutionProperties) = preSolution
		HideSolutionNode = FALSE
	EndGlobalSection
	GlobalSection(MonoDevelopProperties) = preSolution
		StartupItem = Assembly-CSharp.csproj
	EndGlobalSection
EndGlobal
